
Microsoft Visual Studio Solution File, Format Version 11.00
# Visual Studio 2010
Project("{FAE04EC0-301F-11D3-BF4B-00C04F79EFBC}") = "Assembly-CSharp", "Assembly-CSharp.csproj", "{FC940AE6-F5BE-2DBD-D8D2-FD343E9C3733}"
EndProject
Global
	GlobalSection(SolutionConfigurationPlatforms) = preSolution
		Debug|Any CPU = Debug|Any CPU
		Release|Any CPU = Release|Any CPU
	EndGlobalSection
	GlobalSection(ProjectConfigurationPlatforms) = postSolution
		{FC940AE6-F5BE-2DBD-D8D2-FD343E9C3733}.Debug|Any CPU.ActiveCfg = Debug|Any CPU
		{FC940AE6-F5BE-2DBD-D8D2-FD343E9C3733}.Debug|Any CPU.Build.0 = Debug|Any CPU
		{FC940AE6-F5BE-2DBD-D8D2-FD343E9C3733}.Release|Any CPU.ActiveCfg = Release|Any CPU
		{FC940AE6-F5BE-2DBD-D8D2-FD343E9C3733}.Release|Any CPU.Build.0 = Release|Any CPU
	EndGlobalSection
	GlobalSection(SolutionProperties) = preSolution
		HideSolutionNode = FALSE
	EndGlobalSection
	GlobalSection(MonoDevelopProperties) = preSolution
		StartupItem = Assembly-CSharp.csproj
	EndGlobalSection
EndGlobal
